
Microsoft Visual Studio Solution File, Format Version 12.00
# Visual Studio Version 16
VisualStudioVersion = 16.0.30011.22
MinimumVisualStudioVersion = 10.0.40219.1
Project("{FAE04EC0-301F-11D3-BF4B-00C04F79EFBC}") = "WMIC", "WMIC.csproj", "{DFF20B6A-7DCA-44BB-8250-8DF759A05073}"
EndProject
Global
	GlobalSection(SolutionConfigurationPlatforms) = preSolution
		Debug|Any CPU = Debug|Any CPU
		Release|Any CPU = Release|Any CPU
	EndGlobalSection
	GlobalSection(ProjectConfigurationPlatforms) = postSolution
		{DFF20B6A-7DCA-44BB-8250-8DF759A05073}.Debug|Any CPU.ActiveCfg = Debug|Any CPU
		{DFF20B6A-7DCA-44BB-8250-8DF759A05073}.Debug|Any CPU.Build.0 = Debug|Any CPU
		{DFF20B6A-7DCA-44BB-8250-8DF759A05073}.Release|Any CPU.ActiveCfg = Release|Any CPU
		{DFF20B6A-7DCA-44BB-8250-8DF759A05073}.Release|Any CPU.Build.0 = Release|Any CPU
	EndGlobalSection
	GlobalSection(SolutionProperties) = preSolution
		HideSolutionNode = FALSE
	EndGlobalSection
	GlobalSection(ExtensibilityGlobals) = postSolution
		SolutionGuid = {EFBF92C2-97FB-406C-801F-B5AA83BCE41C}
	EndGlobalSection
EndGlobal
